
Microsoft Visual Studio Solution File, Format Version 12.00
# Visual Studio 15
VisualStudioVersion = 15.0.28307.1267
MinimumVisualStudioVersion = 10.0.40219.1
Project("{FAE04EC0-301F-11D3-BF4B-00C04F79EFBC}") = "ChatAPI", "ChatAPI\ChatAPI.csproj", "{26748F92-91FA-41F5-A6D6-5F276752FB81}"
EndProject
Global
	GlobalSection(SolutionConfigurationPlatforms) = preSolution
		Debug|Any CPU = Debug|Any CPU
		Release|Any CPU = Release|Any CPU
	EndGlobalSection
	GlobalSection(ProjectConfigurationPlatforms) = postSolution
		{26748F92-91FA-41F5-A6D6-5F276752FB81}.Debug|Any CPU.ActiveCfg = Debug|Any CPU
		{26748F92-91FA-41F5-A6D6-5F276752FB81}.Debug|Any CPU.Build.0 = Debug|Any CPU
		{26748F92-91FA-41F5-A6D6-5F276752FB81}.Release|Any CPU.ActiveCfg = Release|Any CPU
		{26748F92-91FA-41F5-A6D6-5F276752FB81}.Release|Any CPU.Build.0 = Release|Any CPU
	EndGlobalSection
	GlobalSection(SolutionProperties) = preSolution
		HideSolutionNode = FALSE
	EndGlobalSection
	GlobalSection(ExtensibilityGlobals) = postSolution
		SolutionGuid = {121958C5-1801-4164-8381-8F056ADCE353}
	EndGlobalSection
EndGlobal
